
Microsoft Visual Studio Solution File, Format Version 12.00
# Visual Studio 15
VisualStudioVersion = 15.0.28010.2003
MinimumVisualStudioVersion = 10.0.40219.1
Project("{9A19103F-16F7-4668-BE54-9A1E7A4F7556}") = "BizCover.Api.Cars", "BizCover.Api.Cars\BizCover.Api.Cars.csproj", "{65BD148A-D587-47E5-A461-BE31F272DB2A}"
	ProjectSection(ProjectDependencies) = postProject
		{47958076-234E-4BEA-9090-58B27B31B2A7} = {47958076-234E-4BEA-9090-58B27B31B2A7}
	EndProjectSection
EndProject
Project("{9A19103F-16F7-4668-BE54-9A1E7A4F7556}") = "BizCover.Repository.Cars.Dll.Mock", "BizCover.Repository.Cars.Dll.Mock\BizCover.Repository.Cars.Dll.Mock.csproj", "{4CEEDEC1-AD24-4E5A-9E23-0170B84F2112}"
EndProject
Project("{9A19103F-16F7-4668-BE54-9A1E7A4F7556}") = "BizCover.Api.CachedRepo", "BizCover.Api.CachedRepo\BizCover.Api.CachedRepo.csproj", "{47958076-234E-4BEA-9090-58B27B31B2A7}"
EndProject
Project("{FAE04EC0-301F-11D3-BF4B-00C04F79EFBC}") = "BizCarTestProject", "BizCarTestProject\BizCarTestProject.csproj", "{840AB4AE-C274-4440-A2B0-C0EAA51AB0D9}"
	ProjectSection(ProjectDependencies) = postProject
		{47958076-234E-4BEA-9090-58B27B31B2A7} = {47958076-234E-4BEA-9090-58B27B31B2A7}
		{4CEEDEC1-AD24-4E5A-9E23-0170B84F2112} = {4CEEDEC1-AD24-4E5A-9E23-0170B84F2112}
	EndProjectSection
EndProject
Global
	GlobalSection(SolutionConfigurationPlatforms) = preSolution
		Debug|Any CPU = Debug|Any CPU
		Release|Any CPU = Release|Any CPU
	EndGlobalSection
	GlobalSection(ProjectConfigurationPlatforms) = postSolution
		{65BD148A-D587-47E5-A461-BE31F272DB2A}.Debug|Any CPU.ActiveCfg = Debug|Any CPU
		{65BD148A-D587-47E5-A461-BE31F272DB2A}.Debug|Any CPU.Build.0 = Debug|Any CPU
		{65BD148A-D587-47E5-A461-BE31F272DB2A}.Release|Any CPU.ActiveCfg = Release|Any CPU
		{65BD148A-D587-47E5-A461-BE31F272DB2A}.Release|Any CPU.Build.0 = Release|Any CPU
		{4CEEDEC1-AD24-4E5A-9E23-0170B84F2112}.Debug|Any CPU.ActiveCfg = Debug|Any CPU
		{4CEEDEC1-AD24-4E5A-9E23-0170B84F2112}.Debug|Any CPU.Build.0 = Debug|Any CPU
		{4CEEDEC1-AD24-4E5A-9E23-0170B84F2112}.Release|Any CPU.ActiveCfg = Release|Any CPU
		{4CEEDEC1-AD24-4E5A-9E23-0170B84F2112}.Release|Any CPU.Build.0 = Release|Any CPU
		{47958076-234E-4BEA-9090-58B27B31B2A7}.Debug|Any CPU.ActiveCfg = Debug|Any CPU
		{47958076-234E-4BEA-9090-58B27B31B2A7}.Debug|Any CPU.Build.0 = Debug|Any CPU
		{47958076-234E-4BEA-9090-58B27B31B2A7}.Release|Any CPU.ActiveCfg = Release|Any CPU
		{47958076-234E-4BEA-9090-58B27B31B2A7}.Release|Any CPU.Build.0 = Release|Any CPU
		{840AB4AE-C274-4440-A2B0-C0EAA51AB0D9}.Debug|Any CPU.ActiveCfg = Debug|Any CPU
		{840AB4AE-C274-4440-A2B0-C0EAA51AB0D9}.Debug|Any CPU.Build.0 = Debug|Any CPU
		{840AB4AE-C274-4440-A2B0-C0EAA51AB0D9}.Release|Any CPU.ActiveCfg = Release|Any CPU
		{840AB4AE-C274-4440-A2B0-C0EAA51AB0D9}.Release|Any CPU.Build.0 = Release|Any CPU
	EndGlobalSection
	GlobalSection(SolutionProperties) = preSolution
		HideSolutionNode = FALSE
	EndGlobalSection
	GlobalSection(ExtensibilityGlobals) = postSolution
		SolutionGuid = {54B15328-6959-4ECC-9529-1D8AFE7D28B3}
	EndGlobalSection
EndGlobal
